github.com/adityatelange/hugo-PaperMod v0.0.0-20250524045829-5a4651783fa9 h1:vSOmKCogP6L4SV2eO7A2zgO7sdml4Ta7tZSd6ccOTmQ=
github.com/adityatelange/hugo-PaperMod v0.0.0-20250524045829-5a4651783fa9/go.mod h1:HCHxNMKYdGafUYjVV3ICiAqznZK2yH0iI53jqcDFDdQ=
github.com/clente/hugo-bearcub v0.0.0-20250822192412-1d12a7654944 h1:rdfzGOjr6GZGXCTEwgVsyGLCgdlaB/XtGIQRXJXCeJ0=
github.com/clente/hugo-bearcub v0.0.0-20250822192412-1d12a7654944/go.mod h1:apcY0kKQY+CnkwsWuHiEfSrBusQgEsfAp9g065sNLFg=
github.com/hugo-sid/hugo-blog-awesome v1.20.0 h1:4WkPBeAuKdpDNzB4DSz31hG7W4qI9+V/1wrYjSMxRl4=
github.com/hugo-sid/hugo-blog-awesome v1.20.0/go.mod h1:3XVERF66wgQpTsruOajS5Swr+uvyTzov1acafNaqm1E=
